
Microsoft Visual Studio Solution File, Format Version 12.00
# Visual Studio Version 17
VisualStudioVersion = 17.0.31903.59
MinimumVisualStudioVersion = 10.0.40219.1
Project("{2150E333-8FDC-42A3-9474-1A3956D46DE8}") = "src", "src", "{827E0CD3-B72D-47B6-A68D-7590B98EB39B}"
EndProject
Project("{2150E333-8FDC-42A3-9474-1A3956D46DE8}") = "Shared", "Shared", "{C8E42992-5E42-0C2B-DBFE-AA848D06431C}"
EndProject
Project("{FAE04EC0-301F-11D3-BF4B-00C04F79EFBC}") = "SharedKernel", "src\Shared\SharedKernel\SharedKernel.csproj", "{6B56EFDC-DE6F-4B98-9574-5D97BC2BE702}"
EndProject
Project("{FAE04EC0-301F-11D3-BF4B-00C04F79EFBC}") = "Infrastructure.Common", "src\Shared\Infrastructure.Common\Infrastructure.Common.csproj", "{37862326-2875-4C19-A4E5-E0212D669233}"
EndProject
Project("{2150E333-8FDC-42A3-9474-1A3956D46DE8}") = "Modules", "Modules", "{EC447DCF-ABFA-6E24-52A5-D7FD48A5C558}"
EndProject
Project("{2150E333-8FDC-42A3-9474-1A3956D46DE8}") = "Identity", "Identity", "{0EC62A1A-9858-3A60-8A0C-FC9AACFA2EC7}"
EndProject
Project("{FAE04EC0-301F-11D3-BF4B-00C04F79EFBC}") = "Identity.Domain", "src\Modules\Identity\Identity.Domain\Identity.Domain.csproj", "{3F9B032E-3B91-41B2-8747-4B1A5175EB50}"
EndProject
Project("{FAE04EC0-301F-11D3-BF4B-00C04F79EFBC}") = "Identity.Application", "src\Modules\Identity\Identity.Application\Identity.Application.csproj", "{1982A95C-7921-4D7D-A841-D21F7A23FA49}"
EndProject
Project("{FAE04EC0-301F-11D3-BF4B-00C04F79EFBC}") = "Identity.Infrastructure", "src\Modules\Identity\Identity.Infrastructure\Identity.Infrastructure.csproj", "{B325D618-ACA6-4E30-A634-7B5DDEC4A9C0}"
EndProject
Project("{FAE04EC0-301F-11D3-BF4B-00C04F79EFBC}") = "Identity.Contracts", "src\Modules\Identity\Identity.Contracts\Identity.Contracts.csproj", "{37E2AFCB-F5AD-4EF1-87D0-0E92BBB36C9F}"
EndProject
Project("{2150E333-8FDC-42A3-9474-1A3956D46DE8}") = "Bootstrap", "Bootstrap", "{12A084A0-B93E-423A-6F6B-2DD437B5DD75}"
EndProject
Project("{FAE04EC0-301F-11D3-BF4B-00C04F79EFBC}") = "OdontoPlatform.Api", "src\Bootstrap\OdontoPlatform.Api\OdontoPlatform.Api.csproj", "{89076EE4-A309-4B66-A237-BC14F90DE46E}"
EndProject
Project("{2150E333-8FDC-42A3-9474-1A3956D46DE8}") = "tests", "tests", "{0AB3BF05-4346-4AA6-1389-037BE0695223}"
EndProject
Project("{FAE04EC0-301F-11D3-BF4B-00C04F79EFBC}") = "Identity.UnitTests", "tests\Identity.UnitTests\Identity.UnitTests.csproj", "{F2ADBFA9-8A94-4D7E-86B1-C0D02D657A9B}"
EndProject
Project("{FAE04EC0-301F-11D3-BF4B-00C04F79EFBC}") = "Contracts.Abstractions", "src\Shared\Contracts.Abstractions\Contracts.Abstractions.csproj", "{C74EED2D-E5F0-454E-8523-0F4006588246}"
EndProject
Project("{2150E333-8FDC-42A3-9474-1A3956D46DE8}") = "Shared", "Shared", "{4F52FD11-658E-A102-6CD3-7D7C16FFA15B}"
EndProject
Project("{FAE04EC0-301F-11D3-BF4B-00C04F79EFBC}") = "Application.Common", "src\Shared\Application.Common\Application.Common.csproj", "{3F6FAD2E-6009-48F0-96DD-0F8DB62634DD}"
EndProject
Project("{2150E333-8FDC-42A3-9474-1A3956D46DE8}") = "Modules", "Modules", "{CA253913-39DE-BFD0-C9A3-4B7EC6FBDF17}"
EndProject
Project("{2150E333-8FDC-42A3-9474-1A3956D46DE8}") = "Patients", "Patients", "{F44D07B2-8045-63BE-D36F-626762B48BB9}"
EndProject
Project("{FAE04EC0-301F-11D3-BF4B-00C04F79EFBC}") = "Patients.Domain", "src\Modules\Patients\Patients.Domain\Patients.Domain.csproj", "{CFC5FB44-F845-4FEC-97DA-EFF05B42DB66}"
EndProject
Project("{FAE04EC0-301F-11D3-BF4B-00C04F79EFBC}") = "Patients.Application", "src\Modules\Patients\Patients.Application\Patients.Application.csproj", "{52408D1B-1613-4B3A-B4C6-F09BFD3F0210}"
EndProject
Project("{FAE04EC0-301F-11D3-BF4B-00C04F79EFBC}") = "Patients.Contracts", "src\Modules\Patients\Patients.Contracts\Patients.Contracts.csproj", "{B7E17CB3-A873-4B52-9102-55950112402D}"
EndProject
Project("{FAE04EC0-301F-11D3-BF4B-00C04F79EFBC}") = "Patients.Infrastructure", "src\Modules\Patients\Patients.Infrastructure\Patients.Infrastructure.csproj", "{ACDDD3B3-0F3A-4A24-8474-4F3AB3FB03B2}"
EndProject
Project("{FAE04EC0-301F-11D3-BF4B-00C04F79EFBC}") = "Patients.UnitTests", "tests\Patients.UnitTests\Patients.UnitTests.csproj", "{1BFB3CCE-970B-47ED-B388-F840FE267221}"
EndProject
Project("{2150E333-8FDC-42A3-9474-1A3956D46DE8}") = "Scheduling", "Scheduling", "{F0F0C51C-F6A5-8ED5-E07B-23BB77F4B418}"
EndProject
Project("{FAE04EC0-301F-11D3-BF4B-00C04F79EFBC}") = "Scheduling.Domain", "src\Modules\Scheduling\Scheduling.Domain\Scheduling.Domain.csproj", "{8691D77A-ABBF-4FB2-97AA-074A9BBE03C7}"
EndProject
Project("{FAE04EC0-301F-11D3-BF4B-00C04F79EFBC}") = "Scheduling.Application", "src\Modules\Scheduling\Scheduling.Application\Scheduling.Application.csproj", "{97A5081C-42D7-4605-938F-DABC44461757}"
EndProject
Project("{FAE04EC0-301F-11D3-BF4B-00C04F79EFBC}") = "Scheduling.Contracts", "src\Modules\Scheduling\Scheduling.Contracts\Scheduling.Contracts.csproj", "{10809CC1-CFAC-40B7-9E04-35467D4FEBCB}"
EndProject
Project("{FAE04EC0-301F-11D3-BF4B-00C04F79EFBC}") = "Scheduling.Infrastructure", "src\Modules\Scheduling\Scheduling.Infrastructure\Scheduling.Infrastructure.csproj", "{2FCC0FAB-0B50-4BE7-A2A5-DC56F012E97E}"
EndProject
Project("{FAE04EC0-301F-11D3-BF4B-00C04F79EFBC}") = "Scheduling.UnitTests", "tests\Scheduling.UnitTests\Scheduling.UnitTests.csproj", "{204CA081-65BE-4656-88E8-0FE204DE6F22}"
EndProject
Project("{2150E333-8FDC-42A3-9474-1A3956D46DE8}") = "Records", "Records", "{084C589A-9897-C919-59E9-3641B3659472}"
EndProject
Project("{FAE04EC0-301F-11D3-BF4B-00C04F79EFBC}") = "Records.Domain", "src\Modules\Records\Records.Domain\Records.Domain.csproj", "{02DCF67C-5F47-405A-9520-E2D17F50C66E}"
EndProject
Project("{FAE04EC0-301F-11D3-BF4B-00C04F79EFBC}") = "Records.Application", "src\Modules\Records\Records.Application\Records.Application.csproj", "{3FF1C383-3352-4DE3-8AD8-5816E2511800}"
EndProject
Project("{FAE04EC0-301F-11D3-BF4B-00C04F79EFBC}") = "Records.Contracts", "src\Modules\Records\Records.Contracts\Records.Contracts.csproj", "{08262E1A-3645-4B24-B50C-CCF8394C9BE4}"
EndProject
Project("{FAE04EC0-301F-11D3-BF4B-00C04F79EFBC}") = "Records.Infrastructure", "src\Modules\Records\Records.Infrastructure\Records.Infrastructure.csproj", "{EBD30893-4139-440C-9FD9-B587F1299EC9}"
EndProject
Project("{FAE04EC0-301F-11D3-BF4B-00C04F79EFBC}") = "Records.UnitTests", "tests\Records.UnitTests\Records.UnitTests.csproj", "{5C0225D0-0BAC-4439-9FBF-5DCA941DFAC6}"
EndProject
Project("{2150E333-8FDC-42A3-9474-1A3956D46DE8}") = "Billing", "Billing", "{61DCC6D7-ECE4-129F-6A42-39B2DD414C68}"
EndProject
Project("{FAE04EC0-301F-11D3-BF4B-00C04F79EFBC}") = "Billing.Domain", "src\Modules\Billing\Billing.Domain\Billing.Domain.csproj", "{BCAF4927-6378-441B-BEDD-CF0675C63E56}"
EndProject
Project("{FAE04EC0-301F-11D3-BF4B-00C04F79EFBC}") = "Billing.Application", "src\Modules\Billing\Billing.Application\Billing.Application.csproj", "{634F7040-4CE0-441E-A734-BC626659D1CE}"
EndProject
Project("{FAE04EC0-301F-11D3-BF4B-00C04F79EFBC}") = "Billing.Contracts", "src\Modules\Billing\Billing.Contracts\Billing.Contracts.csproj", "{2A375EDC-A297-4D7A-B29D-731E1ECCEEB2}"
EndProject
Project("{FAE04EC0-301F-11D3-BF4B-00C04F79EFBC}") = "Billing.Infrastructure", "src\Modules\Billing\Billing.Infrastructure\Billing.Infrastructure.csproj", "{5CF827B9-3701-4F38-B4AF-9422458D7594}"
EndProject
Project("{FAE04EC0-301F-11D3-BF4B-00C04F79EFBC}") = "Billing.UnitTests", "tests\Billing.UnitTests\Billing.UnitTests.csproj", "{4D1F8492-AC83-4D5C-9510-089751ADEF48}"
EndProject
Project("{2150E333-8FDC-42A3-9474-1A3956D46DE8}") = "Reporting", "Reporting", "{738763F7-68AC-12DE-A386-1ED9BDE12CF2}"
EndProject
Project("{FAE04EC0-301F-11D3-BF4B-00C04F79EFBC}") = "Reporting.Application", "src\Modules\Reporting\Reporting.Application\Reporting.Application.csproj", "{03084C91-CA49-4909-A8E5-2B9F230C0539}"
EndProject
Project("{FAE04EC0-301F-11D3-BF4B-00C04F79EFBC}") = "Reporting.Contracts", "src\Modules\Reporting\Reporting.Contracts\Reporting.Contracts.csproj", "{686C60B4-9D51-491E-9D5E-2D48A0C5197B}"
EndProject
Project("{FAE04EC0-301F-11D3-BF4B-00C04F79EFBC}") = "Reporting.UnitTests", "tests\Reporting.UnitTests\Reporting.UnitTests.csproj", "{34DF5E18-B0DE-4DC2-935F-9FA56E8E7A2A}"
EndProject
Project("{2150E333-8FDC-42A3-9474-1A3956D46DE8}") = "Tenancy", "Tenancy", "{4229EDB8-0862-B55E-9945-90D59FE8EB87}"
EndProject
Project("{FAE04EC0-301F-11D3-BF4B-00C04F79EFBC}") = "Tenancy.Domain", "src\Modules\Tenancy\Tenancy.Domain\Tenancy.Domain.csproj", "{79407421-B6C5-4AED-B3FC-3DD1F2BAB63A}"
EndProject
Project("{FAE04EC0-301F-11D3-BF4B-00C04F79EFBC}") = "Tenancy.Application", "src\Modules\Tenancy\Tenancy.Application\Tenancy.Application.csproj", "{30E70A90-8852-4684-978C-54C766E909F8}"
EndProject
Project("{FAE04EC0-301F-11D3-BF4B-00C04F79EFBC}") = "Tenancy.Contracts", "src\Modules\Tenancy\Tenancy.Contracts\Tenancy.Contracts.csproj", "{0DB5FC44-52E0-41A8-9447-645AB6F7DF15}"
EndProject
Project("{FAE04EC0-301F-11D3-BF4B-00C04F79EFBC}") = "Tenancy.Infrastructure", "src\Modules\Tenancy\Tenancy.Infrastructure\Tenancy.Infrastructure.csproj", "{DC6CD5CD-3944-46AB-9EB1-7E8A3374066D}"
EndProject
Project("{FAE04EC0-301F-11D3-BF4B-00C04F79EFBC}") = "Tenancy.UnitTests", "tests\Tenancy.UnitTests\Tenancy.UnitTests.csproj", "{FA386D50-B0D0-4613-8FC9-1A64DDA1607D}"
EndProject
Project("{2150E333-8FDC-42A3-9474-1A3956D46DE8}") = "Estoque", "Estoque", "{FF08843D-E67F-5F21-4F42-4F69E9A34A9F}"
EndProject
Project("{FAE04EC0-301F-11D3-BF4B-00C04F79EFBC}") = "Estoque.Domain", "src\Modules\Estoque\Estoque.Domain\Estoque.Domain.csproj", "{41430BB6-F264-4AF1-B01C-E94ECF328E9F}"
EndProject
Project("{FAE04EC0-301F-11D3-BF4B-00C04F79EFBC}") = "Estoque.Application", "src\Modules\Estoque\Estoque.Application\Estoque.Application.csproj", "{092EC519-3BCD-4080-AA3C-023F3C962BE5}"
EndProject
Project("{FAE04EC0-301F-11D3-BF4B-00C04F79EFBC}") = "Estoque.Contracts", "src\Modules\Estoque\Estoque.Contracts\Estoque.Contracts.csproj", "{32C337A7-26D0-4F7A-8269-CB47590B62AE}"
EndProject
Project("{FAE04EC0-301F-11D3-BF4B-00C04F79EFBC}") = "Estoque.Infrastructure", "src\Modules\Estoque\Estoque.Infrastructure\Estoque.Infrastructure.csproj", "{44C0CCEC-6A7D-42BE-8BD4-6180E55CAF1B}"
EndProject
Project("{FAE04EC0-301F-11D3-BF4B-00C04F79EFBC}") = "Estoque.UnitTests", "tests\Estoque.UnitTests\Estoque.UnitTests.csproj", "{EE584F14-1759-4159-B51F-2DA525707D76}"
EndProject
Project("{FAE04EC0-301F-11D3-BF4B-00C04F79EFBC}") = "OdontoPlatform.Api.UnitTests", "tests\OdontoPlatform.Api.UnitTests\OdontoPlatform.Api.UnitTests.csproj", "{78B7D466-6FDE-4557-BE37-05DF43186E7D}"
EndProject
Global
	GlobalSection(SolutionConfigurationPlatforms) = preSolution
		Debug|Any CPU = Debug|Any CPU
		Debug|x64 = Debug|x64
		Debug|x86 = Debug|x86
		Release|Any CPU = Release|Any CPU
		Release|x64 = Release|x64
		Release|x86 = Release|x86
	EndGlobalSection
	GlobalSection(ProjectConfigurationPlatforms) = postSolution
		{6B56EFDC-DE6F-4B98-9574-5D97BC2BE702}.Debug|Any CPU.ActiveCfg = Debug|Any CPU
		{6B56EFDC-DE6F-4B98-9574-5D97BC2BE702}.Debug|Any CPU.Build.0 = Debug|Any CPU
		{6B56EFDC-DE6F-4B98-9574-5D97BC2BE702}.Debug|x64.ActiveCfg = Debug|Any CPU
		{6B56EFDC-DE6F-4B98-9574-5D97BC2BE702}.Debug|x64.Build.0 = Debug|Any CPU
		{6B56EFDC-DE6F-4B98-9574-5D97BC2BE702}.Debug|x86.ActiveCfg = Debug|Any CPU
		{6B56EFDC-DE6F-4B98-9574-5D97BC2BE702}.Debug|x86.Build.0 = Debug|Any CPU
		{6B56EFDC-DE6F-4B98-9574-5D97BC2BE702}.Release|Any CPU.ActiveCfg = Release|Any CPU
		{6B56EFDC-DE6F-4B98-9574-5D97BC2BE702}.Release|Any CPU.Build.0 = Release|Any CPU
		{6B56EFDC-DE6F-4B98-9574-5D97BC2BE702}.Release|x64.ActiveCfg = Release|Any CPU
		{6B56EFDC-DE6F-4B98-9574-5D97BC2BE702}.Release|x64.Build.0 = Release|Any CPU
		{6B56EFDC-DE6F-4B98-9574-5D97BC2BE702}.Release|x86.ActiveCfg = Release|Any CPU
		{6B56EFDC-DE6F-4B98-9574-5D97BC2BE702}.Release|x86.Build.0 = Release|Any CPU
		{37862326-2875-4C19-A4E5-E0212D669233}.Debug|Any CPU.ActiveCfg = Debug|Any CPU
		{37862326-2875-4C19-A4E5-E0212D669233}.Debug|Any CPU.Build.0 = Debug|Any CPU
		{37862326-2875-4C19-A4E5-E0212D669233}.Debug|x64.ActiveCfg = Debug|Any CPU
		{37862326-2875-4C19-A4E5-E0212D669233}.Debug|x64.Build.0 = Debug|Any CPU
		{37862326-2875-4C19-A4E5-E0212D669233}.Debug|x86.ActiveCfg = Debug|Any CPU
		{37862326-2875-4C19-A4E5-E0212D669233}.Debug|x86.Build.0 = Debug|Any CPU
		{37862326-2875-4C19-A4E5-E0212D669233}.Release|Any CPU.ActiveCfg = Release|Any CPU
		{37862326-2875-4C19-A4E5-E0212D669233}.Release|Any CPU.Build.0 = Release|Any CPU
		{37862326-2875-4C19-A4E5-E0212D669233}.Release|x64.ActiveCfg = Release|Any CPU
		{37862326-2875-4C19-A4E5-E0212D669233}.Release|x64.Build.0 = Release|Any CPU
		{37862326-2875-4C19-A4E5-E0212D669233}.Release|x86.ActiveCfg = Release|Any CPU
		{37862326-2875-4C19-A4E5-E0212D669233}.Release|x86.Build.0 = Release|Any CPU
		{3F9B032E-3B91-41B2-8747-4B1A5175EB50}.Debug|Any CPU.ActiveCfg = Debug|Any CPU
		{3F9B032E-3B91-41B2-8747-4B1A5175EB50}.Debug|Any CPU.Build.0 = Debug|Any CPU
		{3F9B032E-3B91-41B2-8747-4B1A5175EB50}.Debug|x64.ActiveCfg = Debug|Any CPU
		{3F9B032E-3B91-41B2-8747-4B1A5175EB50}.Debug|x64.Build.0 = Debug|Any CPU
		{3F9B032E-3B91-41B2-8747-4B1A5175EB50}.Debug|x86.ActiveCfg = Debug|Any CPU
		{3F9B032E-3B91-41B2-8747-4B1A5175EB50}.Debug|x86.Build.0 = Debug|Any CPU
		{3F9B032E-3B91-41B2-8747-4B1A5175EB50}.Release|Any CPU.ActiveCfg = Release|Any CPU
		{3F9B032E-3B91-41B2-8747-4B1A5175EB50}.Release|Any CPU.Build.0 = Release|Any CPU
		{3F9B032E-3B91-41B2-8747-4B1A5175EB50}.Release|x64.ActiveCfg = Release|Any CPU
		{3F9B032E-3B91-41B2-8747-4B1A5175EB50}.Release|x64.Build.0 = Release|Any CPU
		{3F9B032E-3B91-41B2-8747-4B1A5175EB50}.Release|x86.ActiveCfg = Release|Any CPU
		{3F9B032E-3B91-41B2-8747-4B1A5175EB50}.Release|x86.Build.0 = Release|Any CPU
		{1982A95C-7921-4D7D-A841-D21F7A23FA49}.Debug|Any CPU.ActiveCfg = Debug|Any CPU
		{1982A95C-7921-4D7D-A841-D21F7A23FA49}.Debug|Any CPU.Build.0 = Debug|Any CPU
		{1982A95C-7921-4D7D-A841-D21F7A23FA49}.Debug|x64.ActiveCfg = Debug|Any CPU
		{1982A95C-7921-4D7D-A841-D21F7A23FA49}.Debug|x64.Build.0 = Debug|Any CPU
		{1982A95C-7921-4D7D-A841-D21F7A23FA49}.Debug|x86.ActiveCfg = Debug|Any CPU
		{1982A95C-7921-4D7D-A841-D21F7A23FA49}.Debug|x86.Build.0 = Debug|Any CPU
		{1982A95C-7921-4D7D-A841-D21F7A23FA49}.Release|Any CPU.ActiveCfg = Release|Any CPU
		{1982A95C-7921-4D7D-A841-D21F7A23FA49}.Release|Any CPU.Build.0 = Release|Any CPU
		{1982A95C-7921-4D7D-A841-D21F7A23FA49}.Release|x64.ActiveCfg = Release|Any CPU
		{1982A95C-7921-4D7D-A841-D21F7A23FA49}.Release|x64.Build.0 = Release|Any CPU
		{1982A95C-7921-4D7D-A841-D21F7A23FA49}.Release|x86.ActiveCfg = Release|Any CPU
		{1982A95C-7921-4D7D-A841-D21F7A23FA49}.Release|x86.Build.0 = Release|Any CPU
		{B325D618-ACA6-4E30-A634-7B5DDEC4A9C0}.Debug|Any CPU.ActiveCfg = Debug|Any CPU
		{B325D618-ACA6-4E30-A634-7B5DDEC4A9C0}.Debug|Any CPU.Build.0 = Debug|Any CPU
		{B325D618-ACA6-4E30-A634-7B5DDEC4A9C0}.Debug|x64.ActiveCfg = Debug|Any CPU
		{B325D618-ACA6-4E30-A634-7B5DDEC4A9C0}.Debug|x64.Build.0 = Debug|Any CPU
		{B325D618-ACA6-4E30-A634-7B5DDEC4A9C0}.Debug|x86.ActiveCfg = Debug|Any CPU
		{B325D618-ACA6-4E30-A634-7B5DDEC4A9C0}.Debug|x86.Build.0 = Debug|Any CPU
		{B325D618-ACA6-4E30-A634-7B5DDEC4A9C0}.Release|Any CPU.ActiveCfg = Release|Any CPU
		{B325D618-ACA6-4E30-A634-7B5DDEC4A9C0}.Release|Any CPU.Build.0 = Release|Any CPU
		{B325D618-ACA6-4E30-A634-7B5DDEC4A9C0}.Release|x64.ActiveCfg = Release|Any CPU
		{B325D618-ACA6-4E30-A634-7B5DDEC4A9C0}.Release|x64.Build.0 = Release|Any CPU
		{B325D618-ACA6-4E30-A634-7B5DDEC4A9C0}.Release|x86.ActiveCfg = Release|Any CPU
		{B325D618-ACA6-4E30-A634-7B5DDEC4A9C0}.Release|x86.Build.0 = Release|Any CPU
		{37E2AFCB-F5AD-4EF1-87D0-0E92BBB36C9F}.Debug|Any CPU.ActiveCfg = Debug|Any CPU
		{37E2AFCB-F5AD-4EF1-87D0-0E92BBB36C9F}.Debug|Any CPU.Build.0 = Debug|Any CPU
		{37E2AFCB-F5AD-4EF1-87D0-0E92BBB36C9F}.Debug|x64.ActiveCfg = Debug|Any CPU
		{37E2AFCB-F5AD-4EF1-87D0-0E92BBB36C9F}.Debug|x64.Build.0 = Debug|Any CPU
		{37E2AFCB-F5AD-4EF1-87D0-0E92BBB36C9F}.Debug|x86.ActiveCfg = Debug|Any CPU
		{37E2AFCB-F5AD-4EF1-87D0-0E92BBB36C9F}.Debug|x86.Build.0 = Debug|Any CPU
		{37E2AFCB-F5AD-4EF1-87D0-0E92BBB36C9F}.Release|Any CPU.ActiveCfg = Release|Any CPU
		{37E2AFCB-F5AD-4EF1-87D0-0E92BBB36C9F}.Release|Any CPU.Build.0 = Release|Any CPU
		{37E2AFCB-F5AD-4EF1-87D0-0E92BBB36C9F}.Release|x64.ActiveCfg = Release|Any CPU
		{37E2AFCB-F5AD-4EF1-87D0-0E92BBB36C9F}.Release|x64.Build.0 = Release|Any CPU
		{37E2AFCB-F5AD-4EF1-87D0-0E92BBB36C9F}.Release|x86.ActiveCfg = Release|Any CPU
		{37E2AFCB-F5AD-4EF1-87D0-0E92BBB36C9F}.Release|x86.Build.0 = Release|Any CPU
		{89076EE4-A309-4B66-A237-BC14F90DE46E}.Debug|Any CPU.ActiveCfg = Debug|Any CPU
		{89076EE4-A309-4B66-A237-BC14F90DE46E}.Debug|Any CPU.Build.0 = Debug|Any CPU
		{89076EE4-A309-4B66-A237-BC14F90DE46E}.Debug|x64.ActiveCfg = Debug|Any CPU
		{89076EE4-A309-4B66-A237-BC14F90DE46E}.Debug|x64.Build.0 = Debug|Any CPU
		{89076EE4-A309-4B66-A237-BC14F90DE46E}.Debug|x86.ActiveCfg = Debug|Any CPU
		{89076EE4-A309-4B66-A237-BC14F90DE46E}.Debug|x86.Build.0 = Debug|Any CPU
		{89076EE4-A309-4B66-A237-BC14F90DE46E}.Release|Any CPU.ActiveCfg = Release|Any CPU
		{89076EE4-A309-4B66-A237-BC14F90DE46E}.Release|Any CPU.Build.0 = Release|Any CPU
		{89076EE4-A309-4B66-A237-BC14F90DE46E}.Release|x64.ActiveCfg = Release|Any CPU
		{89076EE4-A309-4B66-A237-BC14F90DE46E}.Release|x64.Build.0 = Release|Any CPU
		{89076EE4-A309-4B66-A237-BC14F90DE46E}.Release|x86.ActiveCfg = Release|Any CPU
		{89076EE4-A309-4B66-A237-BC14F90DE46E}.Release|x86.Build.0 = Release|Any CPU
		{F2ADBFA9-8A94-4D7E-86B1-C0D02D657A9B}.Debug|Any CPU.ActiveCfg = Debug|Any CPU
		{F2ADBFA9-8A94-4D7E-86B1-C0D02D657A9B}.Debug|Any CPU.Build.0 = Debug|Any CPU
		{F2ADBFA9-8A94-4D7E-86B1-C0D02D657A9B}.Debug|x64.ActiveCfg = Debug|Any CPU
		{F2ADBFA9-8A94-4D7E-86B1-C0D02D657A9B}.Debug|x64.Build.0 = Debug|Any CPU
		{F2ADBFA9-8A94-4D7E-86B1-C0D02D657A9B}.Debug|x86.ActiveCfg = Debug|Any CPU
		{F2ADBFA9-8A94-4D7E-86B1-C0D02D657A9B}.Debug|x86.Build.0 = Debug|Any CPU
		{F2ADBFA9-8A94-4D7E-86B1-C0D02D657A9B}.Release|Any CPU.ActiveCfg = Release|Any CPU
		{F2ADBFA9-8A94-4D7E-86B1-C0D02D657A9B}.Release|Any CPU.Build.0 = Release|Any CPU
		{F2ADBFA9-8A94-4D7E-86B1-C0D02D657A9B}.Release|x64.ActiveCfg = Release|Any CPU
		{F2ADBFA9-8A94-4D7E-86B1-C0D02D657A9B}.Release|x64.Build.0 = Release|Any CPU
		{F2ADBFA9-8A94-4D7E-86B1-C0D02D657A9B}.Release|x86.ActiveCfg = Release|Any CPU
		{F2ADBFA9-8A94-4D7E-86B1-C0D02D657A9B}.Release|x86.Build.0 = Release|Any CPU
		{C74EED2D-E5F0-454E-8523-0F4006588246}.Debug|Any CPU.ActiveCfg = Debug|Any CPU
		{C74EED2D-E5F0-454E-8523-0F4006588246}.Debug|Any CPU.Build.0 = Debug|Any CPU
		{C74EED2D-E5F0-454E-8523-0F4006588246}.Debug|x64.ActiveCfg = Debug|Any CPU
		{C74EED2D-E5F0-454E-8523-0F4006588246}.Debug|x64.Build.0 = Debug|Any CPU
		{C74EED2D-E5F0-454E-8523-0F4006588246}.Debug|x86.ActiveCfg = Debug|Any CPU
		{C74EED2D-E5F0-454E-8523-0F4006588246}.Debug|x86.Build.0 = Debug|Any CPU
		{C74EED2D-E5F0-454E-8523-0F4006588246}.Release|Any CPU.ActiveCfg = Release|Any CPU
		{C74EED2D-E5F0-454E-8523-0F4006588246}.Release|Any CPU.Build.0 = Release|Any CPU
		{C74EED2D-E5F0-454E-8523-0F4006588246}.Release|x64.ActiveCfg = Release|Any CPU
		{C74EED2D-E5F0-454E-8523-0F4006588246}.Release|x64.Build.0 = Release|Any CPU
		{C74EED2D-E5F0-454E-8523-0F4006588246}.Release|x86.ActiveCfg = Release|Any CPU
		{C74EED2D-E5F0-454E-8523-0F4006588246}.Release|x86.Build.0 = Release|Any CPU
		{3F6FAD2E-6009-48F0-96DD-0F8DB62634DD}.Debug|Any CPU.ActiveCfg = Debug|Any CPU
		{3F6FAD2E-6009-48F0-96DD-0F8DB62634DD}.Debug|Any CPU.Build.0 = Debug|Any CPU
		{3F6FAD2E-6009-48F0-96DD-0F8DB62634DD}.Debug|x64.ActiveCfg = Debug|Any CPU
		{3F6FAD2E-6009-48F0-96DD-0F8DB62634DD}.Debug|x64.Build.0 = Debug|Any CPU
		{3F6FAD2E-6009-48F0-96DD-0F8DB62634DD}.Debug|x86.ActiveCfg = Debug|Any CPU
		{3F6FAD2E-6009-48F0-96DD-0F8DB62634DD}.Debug|x86.Build.0 = Debug|Any CPU
		{3F6FAD2E-6009-48F0-96DD-0F8DB62634DD}.Release|Any CPU.ActiveCfg = Release|Any CPU
		{3F6FAD2E-6009-48F0-96DD-0F8DB62634DD}.Release|Any CPU.Build.0 = Release|Any CPU
		{3F6FAD2E-6009-48F0-96DD-0F8DB62634DD}.Release|x64.ActiveCfg = Release|Any CPU
		{3F6FAD2E-6009-48F0-96DD-0F8DB62634DD}.Release|x64.Build.0 = Release|Any CPU
		{3F6FAD2E-6009-48F0-96DD-0F8DB62634DD}.Release|x86.ActiveCfg = Release|Any CPU
		{3F6FAD2E-6009-48F0-96DD-0F8DB62634DD}.Release|x86.Build.0 = Release|Any CPU
		{CFC5FB44-F845-4FEC-97DA-EFF05B42DB66}.Debug|Any CPU.ActiveCfg = Debug|Any CPU
		{CFC5FB44-F845-4FEC-97DA-EFF05B42DB66}.Debug|Any CPU.Build.0 = Debug|Any CPU
		{CFC5FB44-F845-4FEC-97DA-EFF05B42DB66}.Debug|x64.ActiveCfg = Debug|Any CPU
		{CFC5FB44-F845-4FEC-97DA-EFF05B42DB66}.Debug|x64.Build.0 = Debug|Any CPU
		{CFC5FB44-F845-4FEC-97DA-EFF05B42DB66}.Debug|x86.ActiveCfg = Debug|Any CPU
		{CFC5FB44-F845-4FEC-97DA-EFF05B42DB66}.Debug|x86.Build.0 = Debug|Any CPU
		{CFC5FB44-F845-4FEC-97DA-EFF05B42DB66}.Release|Any CPU.ActiveCfg = Release|Any CPU
		{CFC5FB44-F845-4FEC-97DA-EFF05B42DB66}.Release|Any CPU.Build.0 = Release|Any CPU
		{CFC5FB44-F845-4FEC-97DA-EFF05B42DB66}.Release|x64.ActiveCfg = Release|Any CPU
		{CFC5FB44-F845-4FEC-97DA-EFF05B42DB66}.Release|x64.Build.0 = Release|Any CPU
		{CFC5FB44-F845-4FEC-97DA-EFF05B42DB66}.Release|x86.ActiveCfg = Release|Any CPU
		{CFC5FB44-F845-4FEC-97DA-EFF05B42DB66}.Release|x86.Build.0 = Release|Any CPU
		{52408D1B-1613-4B3A-B4C6-F09BFD3F0210}.Debug|Any CPU.ActiveCfg = Debug|Any CPU
		{52408D1B-1613-4B3A-B4C6-F09BFD3F0210}.Debug|Any CPU.Build.0 = Debug|Any CPU
		{52408D1B-1613-4B3A-B4C6-F09BFD3F0210}.Debug|x64.ActiveCfg = Debug|Any CPU
		{52408D1B-1613-4B3A-B4C6-F09BFD3F0210}.Debug|x64.Build.0 = Debug|Any CPU
		{52408D1B-1613-4B3A-B4C6-F09BFD3F0210}.Debug|x86.ActiveCfg = Debug|Any CPU
		{52408D1B-1613-4B3A-B4C6-F09BFD3F0210}.Debug|x86.Build.0 = Debug|Any CPU
		{52408D1B-1613-4B3A-B4C6-F09BFD3F0210}.Release|Any CPU.ActiveCfg = Release|Any CPU
		{52408D1B-1613-4B3A-B4C6-F09BFD3F0210}.Release|Any CPU.Build.0 = Release|Any CPU
		{52408D1B-1613-4B3A-B4C6-F09BFD3F0210}.Release|x64.ActiveCfg = Release|Any CPU
		{52408D1B-1613-4B3A-B4C6-F09BFD3F0210}.Release|x64.Build.0 = Release|Any CPU
		{52408D1B-1613-4B3A-B4C6-F09BFD3F0210}.Release|x86.ActiveCfg = Release|Any CPU
		{52408D1B-1613-4B3A-B4C6-F09BFD3F0210}.Release|x86.Build.0 = Release|Any CPU
		{B7E17CB3-A873-4B52-9102-55950112402D}.Debug|Any CPU.ActiveCfg = Debug|Any CPU
		{B7E17CB3-A873-4B52-9102-55950112402D}.Debug|Any CPU.Build.0 = Debug|Any CPU
		{B7E17CB3-A873-4B52-9102-55950112402D}.Debug|x64.ActiveCfg = Debug|Any CPU
		{B7E17CB3-A873-4B52-9102-55950112402D}.Debug|x64.Build.0 = Debug|Any CPU
		{B7E17CB3-A873-4B52-9102-55950112402D}.Debug|x86.ActiveCfg = Debug|Any CPU
		{B7E17CB3-A873-4B52-9102-55950112402D}.Debug|x86.Build.0 = Debug|Any CPU
		{B7E17CB3-A873-4B52-9102-55950112402D}.Release|Any CPU.ActiveCfg = Release|Any CPU
		{B7E17CB3-A873-4B52-9102-55950112402D}.Release|Any CPU.Build.0 = Release|Any CPU
		{B7E17CB3-A873-4B52-9102-55950112402D}.Release|x64.ActiveCfg = Release|Any CPU
		{B7E17CB3-A873-4B52-9102-55950112402D}.Release|x64.Build.0 = Release|Any CPU
		{B7E17CB3-A873-4B52-9102-55950112402D}.Release|x86.ActiveCfg = Release|Any CPU
		{B7E17CB3-A873-4B52-9102-55950112402D}.Release|x86.Build.0 = Release|Any CPU
		{ACDDD3B3-0F3A-4A24-8474-4F3AB3FB03B2}.Debug|Any CPU.ActiveCfg = Debug|Any CPU
		{ACDDD3B3-0F3A-4A24-8474-4F3AB3FB03B2}.Debug|Any CPU.Build.0 = Debug|Any CPU
		{ACDDD3B3-0F3A-4A24-8474-4F3AB3FB03B2}.Debug|x64.ActiveCfg = Debug|Any CPU
		{ACDDD3B3-0F3A-4A24-8474-4F3AB3FB03B2}.Debug|x64.Build.0 = Debug|Any CPU
		{ACDDD3B3-0F3A-4A24-8474-4F3AB3FB03B2}.Debug|x86.ActiveCfg = Debug|Any CPU
		{ACDDD3B3-0F3A-4A24-8474-4F3AB3FB03B2}.Debug|x86.Build.0 = Debug|Any CPU
		{ACDDD3B3-0F3A-4A24-8474-4F3AB3FB03B2}.Release|Any CPU.ActiveCfg = Release|Any CPU
		{ACDDD3B3-0F3A-4A24-8474-4F3AB3FB03B2}.Release|Any CPU.Build.0 = Release|Any CPU
		{ACDDD3B3-0F3A-4A24-8474-4F3AB3FB03B2}.Release|x64.ActiveCfg = Release|Any CPU
		{ACDDD3B3-0F3A-4A24-8474-4F3AB3FB03B2}.Release|x64.Build.0 = Release|Any CPU
		{ACDDD3B3-0F3A-4A24-8474-4F3AB3FB03B2}.Release|x86.ActiveCfg = Release|Any CPU
		{ACDDD3B3-0F3A-4A24-8474-4F3AB3FB03B2}.Release|x86.Build.0 = Release|Any CPU
		{1BFB3CCE-970B-47ED-B388-F840FE267221}.Debug|Any CPU.ActiveCfg = Debug|Any CPU
		{1BFB3CCE-970B-47ED-B388-F840FE267221}.Debug|Any CPU.Build.0 = Debug|Any CPU
		{1BFB3CCE-970B-47ED-B388-F840FE267221}.Debug|x64.ActiveCfg = Debug|Any CPU
		{1BFB3CCE-970B-47ED-B388-F840FE267221}.Debug|x64.Build.0 = Debug|Any CPU
		{1BFB3CCE-970B-47ED-B388-F840FE267221}.Debug|x86.ActiveCfg = Debug|Any CPU
		{1BFB3CCE-970B-47ED-B388-F840FE267221}.Debug|x86.Build.0 = Debug|Any CPU
		{1BFB3CCE-970B-47ED-B388-F840FE267221}.Release|Any CPU.ActiveCfg = Release|Any CPU
		{1BFB3CCE-970B-47ED-B388-F840FE267221}.Release|Any CPU.Build.0 = Release|Any CPU
		{1BFB3CCE-970B-47ED-B388-F840FE267221}.Release|x64.ActiveCfg = Release|Any CPU
		{1BFB3CCE-970B-47ED-B388-F840FE267221}.Release|x64.Build.0 = Release|Any CPU
		{1BFB3CCE-970B-47ED-B388-F840FE267221}.Release|x86.ActiveCfg = Release|Any CPU
		{1BFB3CCE-970B-47ED-B388-F840FE267221}.Release|x86.Build.0 = Release|Any CPU
		{8691D77A-ABBF-4FB2-97AA-074A9BBE03C7}.Debug|Any CPU.ActiveCfg = Debug|Any CPU
		{8691D77A-ABBF-4FB2-97AA-074A9BBE03C7}.Debug|Any CPU.Build.0 = Debug|Any CPU
		{8691D77A-ABBF-4FB2-97AA-074A9BBE03C7}.Debug|x64.ActiveCfg = Debug|Any CPU
		{8691D77A-ABBF-4FB2-97AA-074A9BBE03C7}.Debug|x64.Build.0 = Debug|Any CPU
		{8691D77A-ABBF-4FB2-97AA-074A9BBE03C7}.Debug|x86.ActiveCfg = Debug|Any CPU
		{8691D77A-ABBF-4FB2-97AA-074A9BBE03C7}.Debug|x86.Build.0 = Debug|Any CPU
		{8691D77A-ABBF-4FB2-97AA-074A9BBE03C7}.Release|Any CPU.ActiveCfg = Release|Any CPU
		{8691D77A-ABBF-4FB2-97AA-074A9BBE03C7}.Release|Any CPU.Build.0 = Release|Any CPU
		{8691D77A-ABBF-4FB2-97AA-074A9BBE03C7}.Release|x64.ActiveCfg = Release|Any CPU
		{8691D77A-ABBF-4FB2-97AA-074A9BBE03C7}.Release|x64.Build.0 = Release|Any CPU
		{8691D77A-ABBF-4FB2-97AA-074A9BBE03C7}.Release|x86.ActiveCfg = Release|Any CPU
		{8691D77A-ABBF-4FB2-97AA-074A9BBE03C7}.Release|x86.Build.0 = Release|Any CPU
		{97A5081C-42D7-4605-938F-DABC44461757}.Debug|Any CPU.ActiveCfg = Debug|Any CPU
		{97A5081C-42D7-4605-938F-DABC44461757}.Debug|Any CPU.Build.0 = Debug|Any CPU
		{97A5081C-42D7-4605-938F-DABC44461757}.Debug|x64.ActiveCfg = Debug|Any CPU
		{97A5081C-42D7-4605-938F-DABC44461757}.Debug|x64.Build.0 = Debug|Any CPU
		{97A5081C-42D7-4605-938F-DABC44461757}.Debug|x86.ActiveCfg = Debug|Any CPU
		{97A5081C-42D7-4605-938F-DABC44461757}.Debug|x86.Build.0 = Debug|Any CPU
		{97A5081C-42D7-4605-938F-DABC44461757}.Release|Any CPU.ActiveCfg = Release|Any CPU
		{97A5081C-42D7-4605-938F-DABC44461757}.Release|Any CPU.Build.0 = Release|Any CPU
		{97A5081C-42D7-4605-938F-DABC44461757}.Release|x64.ActiveCfg = Release|Any CPU
		{97A5081C-42D7-4605-938F-DABC44461757}.Release|x64.Build.0 = Release|Any CPU
		{97A5081C-42D7-4605-938F-DABC44461757}.Release|x86.ActiveCfg = Release|Any CPU
		{97A5081C-42D7-4605-938F-DABC44461757}.Release|x86.Build.0 = Release|Any CPU
		{10809CC1-CFAC-40B7-9E04-35467D4FEBCB}.Debug|Any CPU.ActiveCfg = Debug|Any CPU
		{10809CC1-CFAC-40B7-9E04-35467D4FEBCB}.Debug|Any CPU.Build.0 = Debug|Any CPU
		{10809CC1-CFAC-40B7-9E04-35467D4FEBCB}.Debug|x64.ActiveCfg = Debug|Any CPU
		{10809CC1-CFAC-40B7-9E04-35467D4FEBCB}.Debug|x64.Build.0 = Debug|Any CPU
		{10809CC1-CFAC-40B7-9E04-35467D4FEBCB}.Debug|x86.ActiveCfg = Debug|Any CPU
		{10809CC1-CFAC-40B7-9E04-35467D4FEBCB}.Debug|x86.Build.0 = Debug|Any CPU
		{10809CC1-CFAC-40B7-9E04-35467D4FEBCB}.Release|Any CPU.ActiveCfg = Release|Any CPU
		{10809CC1-CFAC-40B7-9E04-35467D4FEBCB}.Release|Any CPU.Build.0 = Release|Any CPU
		{10809CC1-CFAC-40B7-9E04-35467D4FEBCB}.Release|x64.ActiveCfg = Release|Any CPU
		{10809CC1-CFAC-40B7-9E04-35467D4FEBCB}.Release|x64.Build.0 = Release|Any CPU
		{10809CC1-CFAC-40B7-9E04-35467D4FEBCB}.Release|x86.ActiveCfg = Release|Any CPU
		{10809CC1-CFAC-40B7-9E04-35467D4FEBCB}.Release|x86.Build.0 = Release|Any CPU
		{2FCC0FAB-0B50-4BE7-A2A5-DC56F012E97E}.Debug|Any CPU.ActiveCfg = Debug|Any CPU
		{2FCC0FAB-0B50-4BE7-A2A5-DC56F012E97E}.Debug|Any CPU.Build.0 = Debug|Any CPU
		{2FCC0FAB-0B50-4BE7-A2A5-DC56F012E97E}.Debug|x64.ActiveCfg = Debug|Any CPU
		{2FCC0FAB-0B50-4BE7-A2A5-DC56F012E97E}.Debug|x64.Build.0 = Debug|Any CPU
		{2FCC0FAB-0B50-4BE7-A2A5-DC56F012E97E}.Debug|x86.ActiveCfg = Debug|Any CPU
		{2FCC0FAB-0B50-4BE7-A2A5-DC56F012E97E}.Debug|x86.Build.0 = Debug|Any CPU
		{2FCC0FAB-0B50-4BE7-A2A5-DC56F012E97E}.Release|Any CPU.ActiveCfg = Release|Any CPU
		{2FCC0FAB-0B50-4BE7-A2A5-DC56F012E97E}.Release|Any CPU.Build.0 = Release|Any CPU
		{2FCC0FAB-0B50-4BE7-A2A5-DC56F012E97E}.Release|x64.ActiveCfg = Release|Any CPU
		{2FCC0FAB-0B50-4BE7-A2A5-DC56F012E97E}.Release|x64.Build.0 = Release|Any CPU
		{2FCC0FAB-0B50-4BE7-A2A5-DC56F012E97E}.Release|x86.ActiveCfg = Release|Any CPU
		{2FCC0FAB-0B50-4BE7-A2A5-DC56F012E97E}.Release|x86.Build.0 = Release|Any CPU
		{204CA081-65BE-4656-88E8-0FE204DE6F22}.Debug|Any CPU.ActiveCfg = Debug|Any CPU
		{204CA081-65BE-4656-88E8-0FE204DE6F22}.Debug|Any CPU.Build.0 = Debug|Any CPU
		{204CA081-65BE-4656-88E8-0FE204DE6F22}.Debug|x64.ActiveCfg = Debug|Any CPU
		{204CA081-65BE-4656-88E8-0FE204DE6F22}.Debug|x64.Build.0 = Debug|Any CPU
		{204CA081-65BE-4656-88E8-0FE204DE6F22}.Debug|x86.ActiveCfg = Debug|Any CPU
		{204CA081-65BE-4656-88E8-0FE204DE6F22}.Debug|x86.Build.0 = Debug|Any CPU
		{204CA081-65BE-4656-88E8-0FE204DE6F22}.Release|Any CPU.ActiveCfg = Release|Any CPU
		{204CA081-65BE-4656-88E8-0FE204DE6F22}.Release|Any CPU.Build.0 = Release|Any CPU
		{204CA081-65BE-4656-88E8-0FE204DE6F22}.Release|x64.ActiveCfg = Release|Any CPU
		{204CA081-65BE-4656-88E8-0FE204DE6F22}.Release|x64.Build.0 = Release|Any CPU
		{204CA081-65BE-4656-88E8-0FE204DE6F22}.Release|x86.ActiveCfg = Release|Any CPU
		{204CA081-65BE-4656-88E8-0FE204DE6F22}.Release|x86.Build.0 = Release|Any CPU
		{02DCF67C-5F47-405A-9520-E2D17F50C66E}.Debug|Any CPU.ActiveCfg = Debug|Any CPU
		{02DCF67C-5F47-405A-9520-E2D17F50C66E}.Debug|Any CPU.Build.0 = Debug|Any CPU
		{02DCF67C-5F47-405A-9520-E2D17F50C66E}.Debug|x64.ActiveCfg = Debug|Any CPU
		{02DCF67C-5F47-405A-9520-E2D17F50C66E}.Debug|x64.Build.0 = Debug|Any CPU
		{02DCF67C-5F47-405A-9520-E2D17F50C66E}.Debug|x86.ActiveCfg = Debug|Any CPU
		{02DCF67C-5F47-405A-9520-E2D17F50C66E}.Debug|x86.Build.0 = Debug|Any CPU
		{02DCF67C-5F47-405A-9520-E2D17F50C66E}.Release|Any CPU.ActiveCfg = Release|Any CPU
		{02DCF67C-5F47-405A-9520-E2D17F50C66E}.Release|Any CPU.Build.0 = Release|Any CPU
		{02DCF67C-5F47-405A-9520-E2D17F50C66E}.Release|x64.ActiveCfg = Release|Any CPU
		{02DCF67C-5F47-405A-9520-E2D17F50C66E}.Release|x64.Build.0 = Release|Any CPU
		{02DCF67C-5F47-405A-9520-E2D17F50C66E}.Release|x86.ActiveCfg = Release|Any CPU
		{02DCF67C-5F47-405A-9520-E2D17F50C66E}.Release|x86.Build.0 = Release|Any CPU
		{3FF1C383-3352-4DE3-8AD8-5816E2511800}.Debug|Any CPU.ActiveCfg = Debug|Any CPU
		{3FF1C383-3352-4DE3-8AD8-5816E2511800}.Debug|Any CPU.Build.0 = Debug|Any CPU
		{3FF1C383-3352-4DE3-8AD8-5816E2511800}.Debug|x64.ActiveCfg = Debug|Any CPU
		{3FF1C383-3352-4DE3-8AD8-5816E2511800}.Debug|x64.Build.0 = Debug|Any CPU
		{3FF1C383-3352-4DE3-8AD8-5816E2511800}.Debug|x86.ActiveCfg = Debug|Any CPU
		{3FF1C383-3352-4DE3-8AD8-5816E2511800}.Debug|x86.Build.0 = Debug|Any CPU
		{3FF1C383-3352-4DE3-8AD8-5816E2511800}.Release|Any CPU.ActiveCfg = Release|Any CPU
		{3FF1C383-3352-4DE3-8AD8-5816E2511800}.Release|Any CPU.Build.0 = Release|Any CPU
		{3FF1C383-3352-4DE3-8AD8-5816E2511800}.Release|x64.ActiveCfg = Release|Any CPU
		{3FF1C383-3352-4DE3-8AD8-5816E2511800}.Release|x64.Build.0 = Release|Any CPU
		{3FF1C383-3352-4DE3-8AD8-5816E2511800}.Release|x86.ActiveCfg = Release|Any CPU
		{3FF1C383-3352-4DE3-8AD8-5816E2511800}.Release|x86.Build.0 = Release|Any CPU
		{08262E1A-3645-4B24-B50C-CCF8394C9BE4}.Debug|Any CPU.ActiveCfg = Debug|Any CPU
		{08262E1A-3645-4B24-B50C-CCF8394C9BE4}.Debug|Any CPU.Build.0 = Debug|Any CPU
		{08262E1A-3645-4B24-B50C-CCF8394C9BE4}.Debug|x64.ActiveCfg = Debug|Any CPU
		{08262E1A-3645-4B24-B50C-CCF8394C9BE4}.Debug|x64.Build.0 = Debug|Any CPU
		{08262E1A-3645-4B24-B50C-CCF8394C9BE4}.Debug|x86.ActiveCfg = Debug|Any CPU
		{08262E1A-3645-4B24-B50C-CCF8394C9BE4}.Debug|x86.Build.0 = Debug|Any CPU
		{08262E1A-3645-4B24-B50C-CCF8394C9BE4}.Release|Any CPU.ActiveCfg = Release|Any CPU
		{08262E1A-3645-4B24-B50C-CCF8394C9BE4}.Release|Any CPU.Build.0 = Release|Any CPU
		{08262E1A-3645-4B24-B50C-CCF8394C9BE4}.Release|x64.ActiveCfg = Release|Any CPU
		{08262E1A-3645-4B24-B50C-CCF8394C9BE4}.Release|x64.Build.0 = Release|Any CPU
		{08262E1A-3645-4B24-B50C-CCF8394C9BE4}.Release|x86.ActiveCfg = Release|Any CPU
		{08262E1A-3645-4B24-B50C-CCF8394C9BE4}.Release|x86.Build.0 = Release|Any CPU
		{EBD30893-4139-440C-9FD9-B587F1299EC9}.Debug|Any CPU.ActiveCfg = Debug|Any CPU
		{EBD30893-4139-440C-9FD9-B587F1299EC9}.Debug|Any CPU.Build.0 = Debug|Any CPU
		{EBD30893-4139-440C-9FD9-B587F1299EC9}.Debug|x64.ActiveCfg = Debug|Any CPU
		{EBD30893-4139-440C-9FD9-B587F1299EC9}.Debug|x64.Build.0 = Debug|Any CPU
		{EBD30893-4139-440C-9FD9-B587F1299EC9}.Debug|x86.ActiveCfg = Debug|Any CPU
		{EBD30893-4139-440C-9FD9-B587F1299EC9}.Debug|x86.Build.0 = Debug|Any CPU
		{EBD30893-4139-440C-9FD9-B587F1299EC9}.Release|Any CPU.ActiveCfg = Release|Any CPU
		{EBD30893-4139-440C-9FD9-B587F1299EC9}.Release|Any CPU.Build.0 = Release|Any CPU
		{EBD30893-4139-440C-9FD9-B587F1299EC9}.Release|x64.ActiveCfg = Release|Any CPU
		{EBD30893-4139-440C-9FD9-B587F1299EC9}.Release|x64.Build.0 = Release|Any CPU
		{EBD30893-4139-440C-9FD9-B587F1299EC9}.Release|x86.ActiveCfg = Release|Any CPU
		{EBD30893-4139-440C-9FD9-B587F1299EC9}.Release|x86.Build.0 = Release|Any CPU
		{5C0225D0-0BAC-4439-9FBF-5DCA941DFAC6}.Debug|Any CPU.ActiveCfg = Debug|Any CPU
		{5C0225D0-0BAC-4439-9FBF-5DCA941DFAC6}.Debug|Any CPU.Build.0 = Debug|Any CPU
		{5C0225D0-0BAC-4439-9FBF-5DCA941DFAC6}.Debug|x64.ActiveCfg = Debug|Any CPU
		{5C0225D0-0BAC-4439-9FBF-5DCA941DFAC6}.Debug|x64.Build.0 = Debug|Any CPU
		{5C0225D0-0BAC-4439-9FBF-5DCA941DFAC6}.Debug|x86.ActiveCfg = Debug|Any CPU
		{5C0225D0-0BAC-4439-9FBF-5DCA941DFAC6}.Debug|x86.Build.0 = Debug|Any CPU
		{5C0225D0-0BAC-4439-9FBF-5DCA941DFAC6}.Release|Any CPU.ActiveCfg = Release|Any CPU
		{5C0225D0-0BAC-4439-9FBF-5DCA941DFAC6}.Release|Any CPU.Build.0 = Release|Any CPU
		{5C0225D0-0BAC-4439-9FBF-5DCA941DFAC6}.Release|x64.ActiveCfg = Release|Any CPU
		{5C0225D0-0BAC-4439-9FBF-5DCA941DFAC6}.Release|x64.Build.0 = Release|Any CPU
		{5C0225D0-0BAC-4439-9FBF-5DCA941DFAC6}.Release|x86.ActiveCfg = Release|Any CPU
		{5C0225D0-0BAC-4439-9FBF-5DCA941DFAC6}.Release|x86.Build.0 = Release|Any CPU
		{BCAF4927-6378-441B-BEDD-CF0675C63E56}.Debug|Any CPU.ActiveCfg = Debug|Any CPU
		{BCAF4927-6378-441B-BEDD-CF0675C63E56}.Debug|Any CPU.Build.0 = Debug|Any CPU
		{BCAF4927-6378-441B-BEDD-CF0675C63E56}.Debug|x64.ActiveCfg = Debug|Any CPU
		{BCAF4927-6378-441B-BEDD-CF0675C63E56}.Debug|x64.Build.0 = Debug|Any CPU
		{BCAF4927-6378-441B-BEDD-CF0675C63E56}.Debug|x86.ActiveCfg = Debug|Any CPU
		{BCAF4927-6378-441B-BEDD-CF0675C63E56}.Debug|x86.Build.0 = Debug|Any CPU
		{BCAF4927-6378-441B-BEDD-CF0675C63E56}.Release|Any CPU.ActiveCfg = Release|Any CPU
		{BCAF4927-6378-441B-BEDD-CF0675C63E56}.Release|Any CPU.Build.0 = Release|Any CPU
		{BCAF4927-6378-441B-BEDD-CF0675C63E56}.Release|x64.ActiveCfg = Release|Any CPU
		{BCAF4927-6378-441B-BEDD-CF0675C63E56}.Release|x64.Build.0 = Release|Any CPU
		{BCAF4927-6378-441B-BEDD-CF0675C63E56}.Release|x86.ActiveCfg = Release|Any CPU
		{BCAF4927-6378-441B-BEDD-CF0675C63E56}.Release|x86.Build.0 = Release|Any CPU
		{634F7040-4CE0-441E-A734-BC626659D1CE}.Debug|Any CPU.ActiveCfg = Debug|Any CPU
		{634F7040-4CE0-441E-A734-BC626659D1CE}.Debug|Any CPU.Build.0 = Debug|Any CPU
		{634F7040-4CE0-441E-A734-BC626659D1CE}.Debug|x64.ActiveCfg = Debug|Any CPU
		{634F7040-4CE0-441E-A734-BC626659D1CE}.Debug|x64.Build.0 = Debug|Any CPU
		{634F7040-4CE0-441E-A734-BC626659D1CE}.Debug|x86.ActiveCfg = Debug|Any CPU
		{634F7040-4CE0-441E-A734-BC626659D1CE}.Debug|x86.Build.0 = Debug|Any CPU
		{634F7040-4CE0-441E-A734-BC626659D1CE}.Release|Any CPU.ActiveCfg = Release|Any CPU
		{634F7040-4CE0-441E-A734-BC626659D1CE}.Release|Any CPU.Build.0 = Release|Any CPU
		{634F7040-4CE0-441E-A734-BC626659D1CE}.Release|x64.ActiveCfg = Release|Any CPU
		{634F7040-4CE0-441E-A734-BC626659D1CE}.Release|x64.Build.0 = Release|Any CPU
		{634F7040-4CE0-441E-A734-BC626659D1CE}.Release|x86.ActiveCfg = Release|Any CPU
		{634F7040-4CE0-441E-A734-BC626659D1CE}.Release|x86.Build.0 = Release|Any CPU
		{2A375EDC-A297-4D7A-B29D-731E1ECCEEB2}.Debug|Any CPU.ActiveCfg = Debug|Any CPU
		{2A375EDC-A297-4D7A-B29D-731E1ECCEEB2}.Debug|Any CPU.Build.0 = Debug|Any CPU
		{2A375EDC-A297-4D7A-B29D-731E1ECCEEB2}.Debug|x64.ActiveCfg = Debug|Any CPU
		{2A375EDC-A297-4D7A-B29D-731E1ECCEEB2}.Debug|x64.Build.0 = Debug|Any CPU
		{2A375EDC-A297-4D7A-B29D-731E1ECCEEB2}.Debug|x86.ActiveCfg = Debug|Any CPU
		{2A375EDC-A297-4D7A-B29D-731E1ECCEEB2}.Debug|x86.Build.0 = Debug|Any CPU
		{2A375EDC-A297-4D7A-B29D-731E1ECCEEB2}.Release|Any CPU.ActiveCfg = Release|Any CPU
		{2A375EDC-A297-4D7A-B29D-731E1ECCEEB2}.Release|Any CPU.Build.0 = Release|Any CPU
		{2A375EDC-A297-4D7A-B29D-731E1ECCEEB2}.Release|x64.ActiveCfg = Release|Any CPU
		{2A375EDC-A297-4D7A-B29D-731E1ECCEEB2}.Release|x64.Build.0 = Release|Any CPU
		{2A375EDC-A297-4D7A-B29D-731E1ECCEEB2}.Release|x86.ActiveCfg = Release|Any CPU
		{2A375EDC-A297-4D7A-B29D-731E1ECCEEB2}.Release|x86.Build.0 = Release|Any CPU
		{5CF827B9-3701-4F38-B4AF-9422458D7594}.Debug|Any CPU.ActiveCfg = Debug|Any CPU
		{5CF827B9-3701-4F38-B4AF-9422458D7594}.Debug|Any CPU.Build.0 = Debug|Any CPU
		{5CF827B9-3701-4F38-B4AF-9422458D7594}.Debug|x64.ActiveCfg = Debug|Any CPU
		{5CF827B9-3701-4F38-B4AF-9422458D7594}.Debug|x64.Build.0 = Debug|Any CPU
		{5CF827B9-3701-4F38-B4AF-9422458D7594}.Debug|x86.ActiveCfg = Debug|Any CPU
		{5CF827B9-3701-4F38-B4AF-9422458D7594}.Debug|x86.Build.0 = Debug|Any CPU
		{5CF827B9-3701-4F38-B4AF-9422458D7594}.Release|Any CPU.ActiveCfg = Release|Any CPU
		{5CF827B9-3701-4F38-B4AF-9422458D7594}.Release|Any CPU.Build.0 = Release|Any CPU
		{5CF827B9-3701-4F38-B4AF-9422458D7594}.Release|x64.ActiveCfg = Release|Any CPU
		{5CF827B9-3701-4F38-B4AF-9422458D7594}.Release|x64.Build.0 = Release|Any CPU
		{5CF827B9-3701-4F38-B4AF-9422458D7594}.Release|x86.ActiveCfg = Release|Any CPU
		{5CF827B9-3701-4F38-B4AF-9422458D7594}.Release|x86.Build.0 = Release|Any CPU
		{4D1F8492-AC83-4D5C-9510-089751ADEF48}.Debug|Any CPU.ActiveCfg = Debug|Any CPU
		{4D1F8492-AC83-4D5C-9510-089751ADEF48}.Debug|Any CPU.Build.0 = Debug|Any CPU
		{4D1F8492-AC83-4D5C-9510-089751ADEF48}.Debug|x64.ActiveCfg = Debug|Any CPU
		{4D1F8492-AC83-4D5C-9510-089751ADEF48}.Debug|x64.Build.0 = Debug|Any CPU
		{4D1F8492-AC83-4D5C-9510-089751ADEF48}.Debug|x86.ActiveCfg = Debug|Any CPU
		{4D1F8492-AC83-4D5C-9510-089751ADEF48}.Debug|x86.Build.0 = Debug|Any CPU
		{4D1F8492-AC83-4D5C-9510-089751ADEF48}.Release|Any CPU.ActiveCfg = Release|Any CPU
		{4D1F8492-AC83-4D5C-9510-089751ADEF48}.Release|Any CPU.Build.0 = Release|Any CPU
		{4D1F8492-AC83-4D5C-9510-089751ADEF48}.Release|x64.ActiveCfg = Release|Any CPU
		{4D1F8492-AC83-4D5C-9510-089751ADEF48}.Release|x64.Build.0 = Release|Any CPU
		{4D1F8492-AC83-4D5C-9510-089751ADEF48}.Release|x86.ActiveCfg = Release|Any CPU
		{4D1F8492-AC83-4D5C-9510-089751ADEF48}.Release|x86.Build.0 = Release|Any CPU
		{03084C91-CA49-4909-A8E5-2B9F230C0539}.Debug|Any CPU.ActiveCfg = Debug|Any CPU
		{03084C91-CA49-4909-A8E5-2B9F230C0539}.Debug|Any CPU.Build.0 = Debug|Any CPU
		{03084C91-CA49-4909-A8E5-2B9F230C0539}.Debug|x64.ActiveCfg = Debug|Any CPU
		{03084C91-CA49-4909-A8E5-2B9F230C0539}.Debug|x64.Build.0 = Debug|Any CPU
		{03084C91-CA49-4909-A8E5-2B9F230C0539}.Debug|x86.ActiveCfg = Debug|Any CPU
		{03084C91-CA49-4909-A8E5-2B9F230C0539}.Debug|x86.Build.0 = Debug|Any CPU
		{03084C91-CA49-4909-A8E5-2B9F230C0539}.Release|Any CPU.ActiveCfg = Release|Any CPU
		{03084C91-CA49-4909-A8E5-2B9F230C0539}.Release|Any CPU.Build.0 = Release|Any CPU
		{03084C91-CA49-4909-A8E5-2B9F230C0539}.Release|x64.ActiveCfg = Release|Any CPU
		{03084C91-CA49-4909-A8E5-2B9F230C0539}.Release|x64.Build.0 = Release|Any CPU
		{03084C91-CA49-4909-A8E5-2B9F230C0539}.Release|x86.ActiveCfg = Release|Any CPU
		{03084C91-CA49-4909-A8E5-2B9F230C0539}.Release|x86.Build.0 = Release|Any CPU
		{686C60B4-9D51-491E-9D5E-2D48A0C5197B}.Debug|Any CPU.ActiveCfg = Debug|Any CPU
		{686C60B4-9D51-491E-9D5E-2D48A0C5197B}.Debug|Any CPU.Build.0 = Debug|Any CPU
		{686C60B4-9D51-491E-9D5E-2D48A0C5197B}.Debug|x64.ActiveCfg = Debug|Any CPU
		{686C60B4-9D51-491E-9D5E-2D48A0C5197B}.Debug|x64.Build.0 = Debug|Any CPU
		{686C60B4-9D51-491E-9D5E-2D48A0C5197B}.Debug|x86.ActiveCfg = Debug|Any CPU
		{686C60B4-9D51-491E-9D5E-2D48A0C5197B}.Debug|x86.Build.0 = Debug|Any CPU
		{686C60B4-9D51-491E-9D5E-2D48A0C5197B}.Release|Any CPU.ActiveCfg = Release|Any CPU
		{686C60B4-9D51-491E-9D5E-2D48A0C5197B}.Release|Any CPU.Build.0 = Release|Any CPU
		{686C60B4-9D51-491E-9D5E-2D48A0C5197B}.Release|x64.ActiveCfg = Release|Any CPU
		{686C60B4-9D51-491E-9D5E-2D48A0C5197B}.Release|x64.Build.0 = Release|Any CPU
		{686C60B4-9D51-491E-9D5E-2D48A0C5197B}.Release|x86.ActiveCfg = Release|Any CPU
		{686C60B4-9D51-491E-9D5E-2D48A0C5197B}.Release|x86.Build.0 = Release|Any CPU
		{34DF5E18-B0DE-4DC2-935F-9FA56E8E7A2A}.Debug|Any CPU.ActiveCfg = Debug|Any CPU
		{34DF5E18-B0DE-4DC2-935F-9FA56E8E7A2A}.Debug|Any CPU.Build.0 = Debug|Any CPU
		{34DF5E18-B0DE-4DC2-935F-9FA56E8E7A2A}.Debug|x64.ActiveCfg = Debug|Any CPU
		{34DF5E18-B0DE-4DC2-935F-9FA56E8E7A2A}.Debug|x64.Build.0 = Debug|Any CPU
		{34DF5E18-B0DE-4DC2-935F-9FA56E8E7A2A}.Debug|x86.ActiveCfg = Debug|Any CPU
		{34DF5E18-B0DE-4DC2-935F-9FA56E8E7A2A}.Debug|x86.Build.0 = Debug|Any CPU
		{34DF5E18-B0DE-4DC2-935F-9FA56E8E7A2A}.Release|Any CPU.ActiveCfg = Release|Any CPU
		{34DF5E18-B0DE-4DC2-935F-9FA56E8E7A2A}.Release|Any CPU.Build.0 = Release|Any CPU
		{34DF5E18-B0DE-4DC2-935F-9FA56E8E7A2A}.Release|x64.ActiveCfg = Release|Any CPU
		{34DF5E18-B0DE-4DC2-935F-9FA56E8E7A2A}.Release|x64.Build.0 = Release|Any CPU
		{34DF5E18-B0DE-4DC2-935F-9FA56E8E7A2A}.Release|x86.ActiveCfg = Release|Any CPU
		{34DF5E18-B0DE-4DC2-935F-9FA56E8E7A2A}.Release|x86.Build.0 = Release|Any CPU
		{79407421-B6C5-4AED-B3FC-3DD1F2BAB63A}.Debug|Any CPU.ActiveCfg = Debug|Any CPU
		{79407421-B6C5-4AED-B3FC-3DD1F2BAB63A}.Debug|Any CPU.Build.0 = Debug|Any CPU
		{79407421-B6C5-4AED-B3FC-3DD1F2BAB63A}.Debug|x64.ActiveCfg = Debug|Any CPU
		{79407421-B6C5-4AED-B3FC-3DD1F2BAB63A}.Debug|x64.Build.0 = Debug|Any CPU
		{79407421-B6C5-4AED-B3FC-3DD1F2BAB63A}.Debug|x86.ActiveCfg = Debug|Any CPU
		{79407421-B6C5-4AED-B3FC-3DD1F2BAB63A}.Debug|x86.Build.0 = Debug|Any CPU
		{79407421-B6C5-4AED-B3FC-3DD1F2BAB63A}.Release|Any CPU.ActiveCfg = Release|Any CPU
		{79407421-B6C5-4AED-B3FC-3DD1F2BAB63A}.Release|Any CPU.Build.0 = Release|Any CPU
		{79407421-B6C5-4AED-B3FC-3DD1F2BAB63A}.Release|x64.ActiveCfg = Release|Any CPU
		{79407421-B6C5-4AED-B3FC-3DD1F2BAB63A}.Release|x64.Build.0 = Release|Any CPU
		{79407421-B6C5-4AED-B3FC-3DD1F2BAB63A}.Release|x86.ActiveCfg = Release|Any CPU
		{79407421-B6C5-4AED-B3FC-3DD1F2BAB63A}.Release|x86.Build.0 = Release|Any CPU
		{30E70A90-8852-4684-978C-54C766E909F8}.Debug|Any CPU.ActiveCfg = Debug|Any CPU
		{30E70A90-8852-4684-978C-54C766E909F8}.Debug|Any CPU.Build.0 = Debug|Any CPU
		{30E70A90-8852-4684-978C-54C766E909F8}.Debug|x64.ActiveCfg = Debug|Any CPU
		{30E70A90-8852-4684-978C-54C766E909F8}.Debug|x64.Build.0 = Debug|Any CPU
		{30E70A90-8852-4684-978C-54C766E909F8}.Debug|x86.ActiveCfg = Debug|Any CPU
		{30E70A90-8852-4684-978C-54C766E909F8}.Debug|x86.Build.0 = Debug|Any CPU
		{30E70A90-8852-4684-978C-54C766E909F8}.Release|Any CPU.ActiveCfg = Release|Any CPU
		{30E70A90-8852-4684-978C-54C766E909F8}.Release|Any CPU.Build.0 = Release|Any CPU
		{30E70A90-8852-4684-978C-54C766E909F8}.Release|x64.ActiveCfg = Release|Any CPU
		{30E70A90-8852-4684-978C-54C766E909F8}.Release|x64.Build.0 = Release|Any CPU
		{30E70A90-8852-4684-978C-54C766E909F8}.Release|x86.ActiveCfg = Release|Any CPU
		{30E70A90-8852-4684-978C-54C766E909F8}.Release|x86.Build.0 = Release|Any CPU
		{0DB5FC44-52E0-41A8-9447-645AB6F7DF15}.Debug|Any CPU.ActiveCfg = Debug|Any CPU
		{0DB5FC44-52E0-41A8-9447-645AB6F7DF15}.Debug|Any CPU.Build.0 = Debug|Any CPU
		{0DB5FC44-52E0-41A8-9447-645AB6F7DF15}.Debug|x64.ActiveCfg = Debug|Any CPU
		{0DB5FC44-52E0-41A8-9447-645AB6F7DF15}.Debug|x64.Build.0 = Debug|Any CPU
		{0DB5FC44-52E0-41A8-9447-645AB6F7DF15}.Debug|x86.ActiveCfg = Debug|Any CPU
		{0DB5FC44-52E0-41A8-9447-645AB6F7DF15}.Debug|x86.Build.0 = Debug|Any CPU
		{0DB5FC44-52E0-41A8-9447-645AB6F7DF15}.Release|Any CPU.ActiveCfg = Release|Any CPU
		{0DB5FC44-52E0-41A8-9447-645AB6F7DF15}.Release|Any CPU.Build.0 = Release|Any CPU
		{0DB5FC44-52E0-41A8-9447-645AB6F7DF15}.Release|x64.ActiveCfg = Release|Any CPU
		{0DB5FC44-52E0-41A8-9447-645AB6F7DF15}.Release|x64.Build.0 = Release|Any CPU
		{0DB5FC44-52E0-41A8-9447-645AB6F7DF15}.Release|x86.ActiveCfg = Release|Any CPU
		{0DB5FC44-52E0-41A8-9447-645AB6F7DF15}.Release|x86.Build.0 = Release|Any CPU
		{DC6CD5CD-3944-46AB-9EB1-7E8A3374066D}.Debug|Any CPU.ActiveCfg = Debug|Any CPU
		{DC6CD5CD-3944-46AB-9EB1-7E8A3374066D}.Debug|Any CPU.Build.0 = Debug|Any CPU
		{DC6CD5CD-3944-46AB-9EB1-7E8A3374066D}.Debug|x64.ActiveCfg = Debug|Any CPU
		{DC6CD5CD-3944-46AB-9EB1-7E8A3374066D}.Debug|x64.Build.0 = Debug|Any CPU
		{DC6CD5CD-3944-46AB-9EB1-7E8A3374066D}.Debug|x86.ActiveCfg = Debug|Any CPU
		{DC6CD5CD-3944-46AB-9EB1-7E8A3374066D}.Debug|x86.Build.0 = Debug|Any CPU
		{DC6CD5CD-3944-46AB-9EB1-7E8A3374066D}.Release|Any CPU.ActiveCfg = Release|Any CPU
		{DC6CD5CD-3944-46AB-9EB1-7E8A3374066D}.Release|Any CPU.Build.0 = Release|Any CPU
		{DC6CD5CD-3944-46AB-9EB1-7E8A3374066D}.Release|x64.ActiveCfg = Release|Any CPU
		{DC6CD5CD-3944-46AB-9EB1-7E8A3374066D}.Release|x64.Build.0 = Release|Any CPU
		{DC6CD5CD-3944-46AB-9EB1-7E8A3374066D}.Release|x86.ActiveCfg = Release|Any CPU
		{DC6CD5CD-3944-46AB-9EB1-7E8A3374066D}.Release|x86.Build.0 = Release|Any CPU
		{FA386D50-B0D0-4613-8FC9-1A64DDA1607D}.Debug|Any CPU.ActiveCfg = Debug|Any CPU
		{FA386D50-B0D0-4613-8FC9-1A64DDA1607D}.Debug|Any CPU.Build.0 = Debug|Any CPU
		{FA386D50-B0D0-4613-8FC9-1A64DDA1607D}.Debug|x64.ActiveCfg = Debug|Any CPU
		{FA386D50-B0D0-4613-8FC9-1A64DDA1607D}.Debug|x64.Build.0 = Debug|Any CPU
		{FA386D50-B0D0-4613-8FC9-1A64DDA1607D}.Debug|x86.ActiveCfg = Debug|Any CPU
		{FA386D50-B0D0-4613-8FC9-1A64DDA1607D}.Debug|x86.Build.0 = Debug|Any CPU
		{FA386D50-B0D0-4613-8FC9-1A64DDA1607D}.Release|Any CPU.ActiveCfg = Release|Any CPU
		{FA386D50-B0D0-4613-8FC9-1A64DDA1607D}.Release|Any CPU.Build.0 = Release|Any CPU
		{FA386D50-B0D0-4613-8FC9-1A64DDA1607D}.Release|x64.ActiveCfg = Release|Any CPU
		{FA386D50-B0D0-4613-8FC9-1A64DDA1607D}.Release|x64.Build.0 = Release|Any CPU
		{FA386D50-B0D0-4613-8FC9-1A64DDA1607D}.Release|x86.ActiveCfg = Release|Any CPU
		{FA386D50-B0D0-4613-8FC9-1A64DDA1607D}.Release|x86.Build.0 = Release|Any CPU
		{41430BB6-F264-4AF1-B01C-E94ECF328E9F}.Debug|Any CPU.ActiveCfg = Debug|Any CPU
		{41430BB6-F264-4AF1-B01C-E94ECF328E9F}.Debug|Any CPU.Build.0 = Debug|Any CPU
		{41430BB6-F264-4AF1-B01C-E94ECF328E9F}.Debug|x64.ActiveCfg = Debug|Any CPU
		{41430BB6-F264-4AF1-B01C-E94ECF328E9F}.Debug|x64.Build.0 = Debug|Any CPU
		{41430BB6-F264-4AF1-B01C-E94ECF328E9F}.Debug|x86.ActiveCfg = Debug|Any CPU
		{41430BB6-F264-4AF1-B01C-E94ECF328E9F}.Debug|x86.Build.0 = Debug|Any CPU
		{41430BB6-F264-4AF1-B01C-E94ECF328E9F}.Release|Any CPU.ActiveCfg = Release|Any CPU
		{41430BB6-F264-4AF1-B01C-E94ECF328E9F}.Release|Any CPU.Build.0 = Release|Any CPU
		{41430BB6-F264-4AF1-B01C-E94ECF328E9F}.Release|x64.ActiveCfg = Release|Any CPU
		{41430BB6-F264-4AF1-B01C-E94ECF328E9F}.Release|x64.Build.0 = Release|Any CPU
		{41430BB6-F264-4AF1-B01C-E94ECF328E9F}.Release|x86.ActiveCfg = Release|Any CPU
		{41430BB6-F264-4AF1-B01C-E94ECF328E9F}.Release|x86.Build.0 = Release|Any CPU
		{092EC519-3BCD-4080-AA3C-023F3C962BE5}.Debug|Any CPU.ActiveCfg = Debug|Any CPU
		{092EC519-3BCD-4080-AA3C-023F3C962BE5}.Debug|Any CPU.Build.0 = Debug|Any CPU
		{092EC519-3BCD-4080-AA3C-023F3C962BE5}.Debug|x64.ActiveCfg = Debug|Any CPU
		{092EC519-3BCD-4080-AA3C-023F3C962BE5}.Debug|x64.Build.0 = Debug|Any CPU
		{092EC519-3BCD-4080-AA3C-023F3C962BE5}.Debug|x86.ActiveCfg = Debug|Any CPU
		{092EC519-3BCD-4080-AA3C-023F3C962BE5}.Debug|x86.Build.0 = Debug|Any CPU
		{092EC519-3BCD-4080-AA3C-023F3C962BE5}.Release|Any CPU.ActiveCfg = Release|Any CPU
		{092EC519-3BCD-4080-AA3C-023F3C962BE5}.Release|Any CPU.Build.0 = Release|Any CPU
		{092EC519-3BCD-4080-AA3C-023F3C962BE5}.Release|x64.ActiveCfg = Release|Any CPU
		{092EC519-3BCD-4080-AA3C-023F3C962BE5}.Release|x64.Build.0 = Release|Any CPU
		{092EC519-3BCD-4080-AA3C-023F3C962BE5}.Release|x86.ActiveCfg = Release|Any CPU
		{092EC519-3BCD-4080-AA3C-023F3C962BE5}.Release|x86.Build.0 = Release|Any CPU
		{32C337A7-26D0-4F7A-8269-CB47590B62AE}.Debug|Any CPU.ActiveCfg = Debug|Any CPU
		{32C337A7-26D0-4F7A-8269-CB47590B62AE}.Debug|Any CPU.Build.0 = Debug|Any CPU
		{32C337A7-26D0-4F7A-8269-CB47590B62AE}.Debug|x64.ActiveCfg = Debug|Any CPU
		{32C337A7-26D0-4F7A-8269-CB47590B62AE}.Debug|x64.Build.0 = Debug|Any CPU
		{32C337A7-26D0-4F7A-8269-CB47590B62AE}.Debug|x86.ActiveCfg = Debug|Any CPU
		{32C337A7-26D0-4F7A-8269-CB47590B62AE}.Debug|x86.Build.0 = Debug|Any CPU
		{32C337A7-26D0-4F7A-8269-CB47590B62AE}.Release|Any CPU.ActiveCfg = Release|Any CPU
		{32C337A7-26D0-4F7A-8269-CB47590B62AE}.Release|Any CPU.Build.0 = Release|Any CPU
		{32C337A7-26D0-4F7A-8269-CB47590B62AE}.Release|x64.ActiveCfg = Release|Any CPU
		{32C337A7-26D0-4F7A-8269-CB47590B62AE}.Release|x64.Build.0 = Release|Any CPU
		{32C337A7-26D0-4F7A-8269-CB47590B62AE}.Release|x86.ActiveCfg = Release|Any CPU
		{32C337A7-26D0-4F7A-8269-CB47590B62AE}.Release|x86.Build.0 = Release|Any CPU
		{44C0CCEC-6A7D-42BE-8BD4-6180E55CAF1B}.Debug|Any CPU.ActiveCfg = Debug|Any CPU
		{44C0CCEC-6A7D-42BE-8BD4-6180E55CAF1B}.Debug|Any CPU.Build.0 = Debug|Any CPU
		{44C0CCEC-6A7D-42BE-8BD4-6180E55CAF1B}.Debug|x64.ActiveCfg = Debug|Any CPU
		{44C0CCEC-6A7D-42BE-8BD4-6180E55CAF1B}.Debug|x64.Build.0 = Debug|Any CPU
		{44C0CCEC-6A7D-42BE-8BD4-6180E55CAF1B}.Debug|x86.ActiveCfg = Debug|Any CPU
		{44C0CCEC-6A7D-42BE-8BD4-6180E55CAF1B}.Debug|x86.Build.0 = Debug|Any CPU
		{44C0CCEC-6A7D-42BE-8BD4-6180E55CAF1B}.Release|Any CPU.ActiveCfg = Release|Any CPU
		{44C0CCEC-6A7D-42BE-8BD4-6180E55CAF1B}.Release|Any CPU.Build.0 = Release|Any CPU
		{44C0CCEC-6A7D-42BE-8BD4-6180E55CAF1B}.Release|x64.ActiveCfg = Release|Any CPU
		{44C0CCEC-6A7D-42BE-8BD4-6180E55CAF1B}.Release|x64.Build.0 = Release|Any CPU
		{44C0CCEC-6A7D-42BE-8BD4-6180E55CAF1B}.Release|x86.ActiveCfg = Release|Any CPU
		{44C0CCEC-6A7D-42BE-8BD4-6180E55CAF1B}.Release|x86.Build.0 = Release|Any CPU
		{EE584F14-1759-4159-B51F-2DA525707D76}.Debug|Any CPU.ActiveCfg = Debug|Any CPU
		{EE584F14-1759-4159-B51F-2DA525707D76}.Debug|Any CPU.Build.0 = Debug|Any CPU
		{EE584F14-1759-4159-B51F-2DA525707D76}.Debug|x64.ActiveCfg = Debug|Any CPU
		{EE584F14-1759-4159-B51F-2DA525707D76}.Debug|x64.Build.0 = Debug|Any CPU
		{EE584F14-1759-4159-B51F-2DA525707D76}.Debug|x86.ActiveCfg = Debug|Any CPU
		{EE584F14-1759-4159-B51F-2DA525707D76}.Debug|x86.Build.0 = Debug|Any CPU
		{EE584F14-1759-4159-B51F-2DA525707D76}.Release|Any CPU.ActiveCfg = Release|Any CPU
		{EE584F14-1759-4159-B51F-2DA525707D76}.Release|Any CPU.Build.0 = Release|Any CPU
		{EE584F14-1759-4159-B51F-2DA525707D76}.Release|x64.ActiveCfg = Release|Any CPU
		{EE584F14-1759-4159-B51F-2DA525707D76}.Release|x64.Build.0 = Release|Any CPU
		{EE584F14-1759-4159-B51F-2DA525707D76}.Release|x86.ActiveCfg = Release|Any CPU
		{EE584F14-1759-4159-B51F-2DA525707D76}.Release|x86.Build.0 = Release|Any CPU
		{78B7D466-6FDE-4557-BE37-05DF43186E7D}.Debug|Any CPU.ActiveCfg = Debug|Any CPU
		{78B7D466-6FDE-4557-BE37-05DF43186E7D}.Debug|Any CPU.Build.0 = Debug|Any CPU
		{78B7D466-6FDE-4557-BE37-05DF43186E7D}.Debug|x64.ActiveCfg = Debug|Any CPU
		{78B7D466-6FDE-4557-BE37-05DF43186E7D}.Debug|x64.Build.0 = Debug|Any CPU
		{78B7D466-6FDE-4557-BE37-05DF43186E7D}.Debug|x86.ActiveCfg = Debug|Any CPU
		{78B7D466-6FDE-4557-BE37-05DF43186E7D}.Debug|x86.Build.0 = Debug|Any CPU
		{78B7D466-6FDE-4557-BE37-05DF43186E7D}.Release|Any CPU.ActiveCfg = Release|Any CPU
		{78B7D466-6FDE-4557-BE37-05DF43186E7D}.Release|Any CPU.Build.0 = Release|Any CPU
		{78B7D466-6FDE-4557-BE37-05DF43186E7D}.Release|x64.ActiveCfg = Release|Any CPU
		{78B7D466-6FDE-4557-BE37-05DF43186E7D}.Release|x64.Build.0 = Release|Any CPU
		{78B7D466-6FDE-4557-BE37-05DF43186E7D}.Release|x86.ActiveCfg = Release|Any CPU
		{78B7D466-6FDE-4557-BE37-05DF43186E7D}.Release|x86.Build.0 = Release|Any CPU
	EndGlobalSection
	GlobalSection(SolutionProperties) = preSolution
		HideSolutionNode = FALSE
	EndGlobalSection
	GlobalSection(NestedProjects) = preSolution
		{C8E42992-5E42-0C2B-DBFE-AA848D06431C} = {827E0CD3-B72D-47B6-A68D-7590B98EB39B}
		{6B56EFDC-DE6F-4B98-9574-5D97BC2BE702} = {C8E42992-5E42-0C2B-DBFE-AA848D06431C}
		{37862326-2875-4C19-A4E5-E0212D669233} = {C8E42992-5E42-0C2B-DBFE-AA848D06431C}
		{EC447DCF-ABFA-6E24-52A5-D7FD48A5C558} = {827E0CD3-B72D-47B6-A68D-7590B98EB39B}
		{0EC62A1A-9858-3A60-8A0C-FC9AACFA2EC7} = {EC447DCF-ABFA-6E24-52A5-D7FD48A5C558}
		{3F9B032E-3B91-41B2-8747-4B1A5175EB50} = {0EC62A1A-9858-3A60-8A0C-FC9AACFA2EC7}
		{1982A95C-7921-4D7D-A841-D21F7A23FA49} = {0EC62A1A-9858-3A60-8A0C-FC9AACFA2EC7}
		{B325D618-ACA6-4E30-A634-7B5DDEC4A9C0} = {0EC62A1A-9858-3A60-8A0C-FC9AACFA2EC7}
		{37E2AFCB-F5AD-4EF1-87D0-0E92BBB36C9F} = {0EC62A1A-9858-3A60-8A0C-FC9AACFA2EC7}
		{12A084A0-B93E-423A-6F6B-2DD437B5DD75} = {827E0CD3-B72D-47B6-A68D-7590B98EB39B}
		{89076EE4-A309-4B66-A237-BC14F90DE46E} = {12A084A0-B93E-423A-6F6B-2DD437B5DD75}
		{F2ADBFA9-8A94-4D7E-86B1-C0D02D657A9B} = {0AB3BF05-4346-4AA6-1389-037BE0695223}
		{C74EED2D-E5F0-454E-8523-0F4006588246} = {C8E42992-5E42-0C2B-DBFE-AA848D06431C}
		{3F6FAD2E-6009-48F0-96DD-0F8DB62634DD} = {4F52FD11-658E-A102-6CD3-7D7C16FFA15B}
		{F44D07B2-8045-63BE-D36F-626762B48BB9} = {CA253913-39DE-BFD0-C9A3-4B7EC6FBDF17}
		{CFC5FB44-F845-4FEC-97DA-EFF05B42DB66} = {F44D07B2-8045-63BE-D36F-626762B48BB9}
		{52408D1B-1613-4B3A-B4C6-F09BFD3F0210} = {F44D07B2-8045-63BE-D36F-626762B48BB9}
		{B7E17CB3-A873-4B52-9102-55950112402D} = {F44D07B2-8045-63BE-D36F-626762B48BB9}
		{ACDDD3B3-0F3A-4A24-8474-4F3AB3FB03B2} = {F44D07B2-8045-63BE-D36F-626762B48BB9}
		{1BFB3CCE-970B-47ED-B388-F840FE267221} = {0AB3BF05-4346-4AA6-1389-037BE0695223}
		{F0F0C51C-F6A5-8ED5-E07B-23BB77F4B418} = {EC447DCF-ABFA-6E24-52A5-D7FD48A5C558}
		{8691D77A-ABBF-4FB2-97AA-074A9BBE03C7} = {F0F0C51C-F6A5-8ED5-E07B-23BB77F4B418}
		{97A5081C-42D7-4605-938F-DABC44461757} = {F0F0C51C-F6A5-8ED5-E07B-23BB77F4B418}
		{10809CC1-CFAC-40B7-9E04-35467D4FEBCB} = {F0F0C51C-F6A5-8ED5-E07B-23BB77F4B418}
		{2FCC0FAB-0B50-4BE7-A2A5-DC56F012E97E} = {F0F0C51C-F6A5-8ED5-E07B-23BB77F4B418}
		{204CA081-65BE-4656-88E8-0FE204DE6F22} = {0AB3BF05-4346-4AA6-1389-037BE0695223}
		{084C589A-9897-C919-59E9-3641B3659472} = {EC447DCF-ABFA-6E24-52A5-D7FD48A5C558}
		{02DCF67C-5F47-405A-9520-E2D17F50C66E} = {084C589A-9897-C919-59E9-3641B3659472}
		{3FF1C383-3352-4DE3-8AD8-5816E2511800} = {084C589A-9897-C919-59E9-3641B3659472}
		{08262E1A-3645-4B24-B50C-CCF8394C9BE4} = {084C589A-9897-C919-59E9-3641B3659472}
		{EBD30893-4139-440C-9FD9-B587F1299EC9} = {084C589A-9897-C919-59E9-3641B3659472}
		{5C0225D0-0BAC-4439-9FBF-5DCA941DFAC6} = {0AB3BF05-4346-4AA6-1389-037BE0695223}
		{61DCC6D7-ECE4-129F-6A42-39B2DD414C68} = {EC447DCF-ABFA-6E24-52A5-D7FD48A5C558}
		{BCAF4927-6378-441B-BEDD-CF0675C63E56} = {61DCC6D7-ECE4-129F-6A42-39B2DD414C68}
		{634F7040-4CE0-441E-A734-BC626659D1CE} = {61DCC6D7-ECE4-129F-6A42-39B2DD414C68}
		{2A375EDC-A297-4D7A-B29D-731E1ECCEEB2} = {61DCC6D7-ECE4-129F-6A42-39B2DD414C68}
		{5CF827B9-3701-4F38-B4AF-9422458D7594} = {61DCC6D7-ECE4-129F-6A42-39B2DD414C68}
		{4D1F8492-AC83-4D5C-9510-089751ADEF48} = {0AB3BF05-4346-4AA6-1389-037BE0695223}
		{738763F7-68AC-12DE-A386-1ED9BDE12CF2} = {EC447DCF-ABFA-6E24-52A5-D7FD48A5C558}
		{03084C91-CA49-4909-A8E5-2B9F230C0539} = {738763F7-68AC-12DE-A386-1ED9BDE12CF2}
		{686C60B4-9D51-491E-9D5E-2D48A0C5197B} = {738763F7-68AC-12DE-A386-1ED9BDE12CF2}
		{34DF5E18-B0DE-4DC2-935F-9FA56E8E7A2A} = {0AB3BF05-4346-4AA6-1389-037BE0695223}
		{4229EDB8-0862-B55E-9945-90D59FE8EB87} = {EC447DCF-ABFA-6E24-52A5-D7FD48A5C558}
		{79407421-B6C5-4AED-B3FC-3DD1F2BAB63A} = {4229EDB8-0862-B55E-9945-90D59FE8EB87}
		{30E70A90-8852-4684-978C-54C766E909F8} = {4229EDB8-0862-B55E-9945-90D59FE8EB87}
		{0DB5FC44-52E0-41A8-9447-645AB6F7DF15} = {4229EDB8-0862-B55E-9945-90D59FE8EB87}
		{DC6CD5CD-3944-46AB-9EB1-7E8A3374066D} = {4229EDB8-0862-B55E-9945-90D59FE8EB87}
		{FA386D50-B0D0-4613-8FC9-1A64DDA1607D} = {0AB3BF05-4346-4AA6-1389-037BE0695223}
		{FF08843D-E67F-5F21-4F42-4F69E9A34A9F} = {EC447DCF-ABFA-6E24-52A5-D7FD48A5C558}
		{41430BB6-F264-4AF1-B01C-E94ECF328E9F} = {FF08843D-E67F-5F21-4F42-4F69E9A34A9F}
		{092EC519-3BCD-4080-AA3C-023F3C962BE5} = {FF08843D-E67F-5F21-4F42-4F69E9A34A9F}
		{32C337A7-26D0-4F7A-8269-CB47590B62AE} = {FF08843D-E67F-5F21-4F42-4F69E9A34A9F}
		{44C0CCEC-6A7D-42BE-8BD4-6180E55CAF1B} = {FF08843D-E67F-5F21-4F42-4F69E9A34A9F}
		{EE584F14-1759-4159-B51F-2DA525707D76} = {0AB3BF05-4346-4AA6-1389-037BE0695223}
		{78B7D466-6FDE-4557-BE37-05DF43186E7D} = {0AB3BF05-4346-4AA6-1389-037BE0695223}
	EndGlobalSection
EndGlobal
